
Microsoft Visual Studio Solution File, Format Version 12.00
# Visual Studio Version 16
VisualStudioVersion = 16.0.30804.86
MinimumVisualStudioVersion = 10.0.40219.1
Project("{FAE04EC0-301F-11D3-BF4B-00C04F79EFBC}") = "WebSpider_core", "WebSpider_core.csproj", "{B8786DCC-1D56-4C53-93AE-A1666E4D5116}"
EndProject
Global
	GlobalSection(SolutionConfigurationPlatforms) = preSolution
		Debug|Any CPU = Debug|Any CPU
		Release|Any CPU = Release|Any CPU
	EndGlobalSection
	GlobalSection(ProjectConfigurationPlatforms) = postSolution
		{B8786DCC-1D56-4C53-93AE-A1666E4D5116}.Debug|Any CPU.ActiveCfg = Debug|Any CPU
		{B8786DCC-1D56-4C53-93AE-A1666E4D5116}.Debug|Any CPU.Build.0 = Debug|Any CPU
		{B8786DCC-1D56-4C53-93AE-A1666E4D5116}.Release|Any CPU.ActiveCfg = Release|Any CPU
		{B8786DCC-1D56-4C53-93AE-A1666E4D5116}.Release|Any CPU.Build.0 = Release|Any CPU
	EndGlobalSection
	GlobalSection(SolutionProperties) = preSolution
		HideSolutionNode = FALSE
	EndGlobalSection
	GlobalSection(ExtensibilityGlobals) = postSolution
		SolutionGuid = {81BD4A5F-CADF-4C43-9DD2-46B41744B331}
	EndGlobalSection
EndGlobal
